
Microsoft Visual Studio Solution File, Format Version 12.00
# Visual Studio 15
VisualStudioVersion = 15.0.26730.12
MinimumVisualStudioVersion = 10.0.40219.1
Project("{FAE04EC0-301F-11D3-BF4B-00C04F79EFBC}") = "DuoLinguo", "DuoLinguo\DuoLinguo.csproj", "{18F0B7BC-38AD-4024-8324-1117004D03DD}"
EndProject
Global
	GlobalSection(SolutionConfigurationPlatforms) = preSolution
		Debug|Any CPU = Debug|Any CPU
		Release|Any CPU = Release|Any CPU
	EndGlobalSection
	GlobalSection(ProjectConfigurationPlatforms) = postSolution
		{18F0B7BC-38AD-4024-8324-1117004D03DD}.Debug|Any CPU.ActiveCfg = Debug|Any CPU
		{18F0B7BC-38AD-4024-8324-1117004D03DD}.Debug|Any CPU.Build.0 = Debug|Any CPU
		{18F0B7BC-38AD-4024-8324-1117004D03DD}.Release|Any CPU.ActiveCfg = Release|Any CPU
		{18F0B7BC-38AD-4024-8324-1117004D03DD}.Release|Any CPU.Build.0 = Release|Any CPU
	EndGlobalSection
	GlobalSection(SolutionProperties) = preSolution
		HideSolutionNode = FALSE
	EndGlobalSection
	GlobalSection(ExtensibilityGlobals) = postSolution
		SolutionGuid = {7BD3D16E-1459-4012-9F44-85430601C1C5}
	EndGlobalSection
EndGlobal
